// !$*UTF8*$!
{
	archiveVersion = 1;
	classes = {
	};
	objectVersion = 46;
	objects = {

/* Begin PBXBuildFile section */
		057ADE8A1FF8E32CCA3989DD /* libPods.a in Frameworks */ = {isa = PBXBuildFile; fileRef = 00362F380D237A4C5EA07C61 /* libPods.a */; };
		7B0137B61B9FB0000014A4D4 /* SignUpController.swift in Sources */ = {isa = PBXBuildFile; fileRef = 7B0137B51B9FB0000014A4D4 /* SignUpController.swift */; };
		7B4950E41B9F9F0100F2401B /* Bolts.framework in Frameworks */ = {isa = PBXBuildFile; fileRef = 7B4950DD1B9F9F0100F2401B /* Bolts.framework */; };
		7B4950E51B9F9F0100F2401B /* Parse.framework in Frameworks */ = {isa = PBXBuildFile; fileRef = 7B4950DE1B9F9F0100F2401B /* Parse.framework */; };
		7B4950E61B9F9F0100F2401B /* ParseCrashReporting.framework in Frameworks */ = {isa = PBXBuildFile; fileRef = 7B4950DF1B9F9F0100F2401B /* ParseCrashReporting.framework */; };
		7B4950E71B9F9F0100F2401B /* ParseFacebookUtils.framework in Frameworks */ = {isa = PBXBuildFile; fileRef = 7B4950E01B9F9F0100F2401B /* ParseFacebookUtils.framework */; };
		7B4950E81B9F9F0100F2401B /* ParseFacebookUtilsV4.framework in Frameworks */ = {isa = PBXBuildFile; fileRef = 7B4950E11B9F9F0100F2401B /* ParseFacebookUtilsV4.framework */; };
		7B4950E91B9F9F0100F2401B /* ParseTwitterUtils.framework in Frameworks */ = {isa = PBXBuildFile; fileRef = 7B4950E21B9F9F0100F2401B /* ParseTwitterUtils.framework */; };
		7B4950EA1B9F9F0100F2401B /* ParseUI.framework in Frameworks */ = {isa = PBXBuildFile; fileRef = 7B4950E31B9F9F0100F2401B /* ParseUI.framework */; };
		7B4950ED1B9F9FBD00F2401B /* Accounts.framework in Frameworks */ = {isa = PBXBuildFile; fileRef = 7B4950EC1B9F9FBD00F2401B /* Accounts.framework */; };
		7B4950EF1B9F9FC500F2401B /* AudioToolbox.framework in Frameworks */ = {isa = PBXBuildFile; fileRef = 7B4950EE1B9F9FC500F2401B /* AudioToolbox.framework */; };
		7B4950F11B9F9FCB00F2401B /* CFNetwork.framework in Frameworks */ = {isa = PBXBuildFile; fileRef = 7B4950F01B9F9FCB00F2401B /* CFNetwork.framework */; };
		7B4950F31B9F9FD200F2401B /* CoreGraphics.framework in Frameworks */ = {isa = PBXBuildFile; fileRef = 7B4950F21B9F9FD200F2401B /* CoreGraphics.framework */; };
		7B4950F51B9F9FD900F2401B /* CoreLocation.framework in Frameworks */ = {isa = PBXBuildFile; fileRef = 7B4950F41B9F9FD900F2401B /* CoreLocation.framework */; };
		7B4950F71B9F9FE500F2401B /* QuartzCore.framework in Frameworks */ = {isa = PBXBuildFile; fileRef = 7B4950F61B9F9FE500F2401B /* QuartzCore.framework */; };
		7B4950F91B9F9FEA00F2401B /* Security.framework in Frameworks */ = {isa = PBXBuildFile; fileRef = 7B4950F81B9F9FEA00F2401B /* Security.framework */; };
		7B4950FB1B9F9FF200F2401B /* Social.framework in Frameworks */ = {isa = PBXBuildFile; fileRef = 7B4950FA1B9F9FF200F2401B /* Social.framework */; };
		7B4950FD1B9FA00800F2401B /* StoreKit.framework in Frameworks */ = {isa = PBXBuildFile; fileRef = 7B4950FC1B9FA00800F2401B /* StoreKit.framework */; };
		7B4950FF1B9FA01100F2401B /* SystemConfiguration.framework in Frameworks */ = {isa = PBXBuildFile; fileRef = 7B4950FE1B9FA01100F2401B /* SystemConfiguration.framework */; };
		7B4951011B9FA02400F2401B /* libz.dylib in Frameworks */ = {isa = PBXBuildFile; fileRef = 7B4951001B9FA02400F2401B /* libz.dylib */; };
		7B4951031B9FA02C00F2401B /* libsqlite3.dylib in Frameworks */ = {isa = PBXBuildFile; fileRef = 7B4951021B9FA02C00F2401B /* libsqlite3.dylib */; };
		7B4951051B9FA3AF00F2401B /* FriendViewController.swift in Sources */ = {isa = PBXBuildFile; fileRef = 7B4951041B9FA3AF00F2401B /* FriendViewController.swift */; };
		7B540DAE1BA920CC000316AA /* Podfile in Resources */ = {isa = PBXBuildFile; fileRef = 7B540DAD1BA920CC000316AA /* Podfile */; };
		7BA4D7A71BA2720500BDDF7F /* Main.storyboard in Resources */ = {isa = PBXBuildFile; fileRef = 7BA4D7A61BA2720500BDDF7F /* Main.storyboard */; };
		7BA4D7A91BA2731000BDDF7F /* hotPhotato.png in Resources */ = {isa = PBXBuildFile; fileRef = 7BA4D7A81BA2731000BDDF7F /* hotPhotato.png */; };
		7BEC63061B9F9C0400BCCAB6 /* AppDelegate.swift in Sources */ = {isa = PBXBuildFile; fileRef = 7BEC63051B9F9C0400BCCAB6 /* AppDelegate.swift */; };
		7BEC63081B9F9C0400BCCAB6 /* ViewController.swift in Sources */ = {isa = PBXBuildFile; fileRef = 7BEC63071B9F9C0400BCCAB6 /* ViewController.swift */; };
		7BEC630D1B9F9C0400BCCAB6 /* Images.xcassets in Resources */ = {isa = PBXBuildFile; fileRef = 7BEC630C1B9F9C0400BCCAB6 /* Images.xcassets */; };
		7BEC63101B9F9C0400BCCAB6 /* LaunchScreen.xib in Resources */ = {isa = PBXBuildFile; fileRef = 7BEC630E1B9F9C0400BCCAB6 /* LaunchScreen.xib */; };
		7BEC631C1B9F9C0400BCCAB6 /* HotPhotatoesTests.swift in Sources */ = {isa = PBXBuildFile; fileRef = 7BEC631B1B9F9C0400BCCAB6 /* HotPhotatoesTests.swift */; };
/* End PBXBuildFile section */

/* Begin PBXFileReference section */
		00362F380D237A4C5EA07C61 /* libPods.a */ = {isa = PBXFileReference; explicitFileType = archive.ar; includeInIndex = 0; path = libPods.a; sourceTree = BUILT_PRODUCTS_DIR; };
		0BF1E8E509953AB93762ADDC /* Pods.release.xcconfig */ = {isa = PBXFileReference; includeInIndex = 1; lastKnownFileType = text.xcconfig; name = Pods.release.xcconfig; path = "Pods/Target Support Files/Pods/Pods.release.xcconfig"; sourceTree = "<group>"; };
		762DE12A957B533724D02D1F /* Pods.debug.xcconfig */ = {isa = PBXFileReference; includeInIndex = 1; lastKnownFileType = text.xcconfig; name = Pods.debug.xcconfig; path = "Pods/Target Support Files/Pods/Pods.debug.xcconfig"; sourceTree = "<group>"; };
		7B0137B51B9FB0000014A4D4 /* SignUpController.swift */ = {isa = PBXFileReference; fileEncoding = 4; lastKnownFileType = sourcecode.swift; path = SignUpController.swift; sourceTree = "<group>"; };
		7B4950DD1B9F9F0100F2401B /* Bolts.framework */ = {isa = PBXFileReference; lastKnownFileType = wrapper.framework; name = Bolts.framework; path = "../../Downloads/parse-library-1/Bolts.framework"; sourceTree = "<group>"; };
		7B4950DE1B9F9F0100F2401B /* Parse.framework */ = {isa = PBXFileReference; lastKnownFileType = wrapper.framework; name = Parse.framework; path = "../../Downloads/parse-library-1/Parse.framework"; sourceTree = "<group>"; };
		7B4950DF1B9F9F0100F2401B /* ParseCrashReporting.framework */ = {isa = PBXFileReference; lastKnownFileType = wrapper.framework; name = ParseCrashReporting.framework; path = "../../Downloads/parse-library-1/ParseCrashReporting.framework"; sourceTree = "<group>"; };
		7B4950E01B9F9F0100F2401B /* ParseFacebookUtils.framework */ = {isa = PBXFileReference; lastKnownFileType = wrapper.framework; name = ParseFacebookUtils.framework; path = "../../Downloads/parse-library-1/ParseFacebookUtils.framework"; sourceTree = "<group>"; };
		7B4950E11B9F9F0100F2401B /* ParseFacebookUtilsV4.framework */ = {isa = PBXFileReference; lastKnownFileType = wrapper.framework; name = ParseFacebookUtilsV4.framework; path = "../../Downloads/parse-library-1/ParseFacebookUtilsV4.framework"; sourceTree = "<group>"; };
		7B4950E21B9F9F0100F2401B /* ParseTwitterUtils.framework */ = {isa = PBXFileReference; lastKnownFileType = wrapper.framework; name = ParseTwitterUtils.framework; path = "../../Downloads/parse-library-1/ParseTwitterUtils.framework"; sourceTree = "<group>"; };
		7B4950E31B9F9F0100F2401B /* ParseUI.framework */ = {isa = PBXFileReference; lastKnownFileType = wrapper.framework; name = ParseUI.framework; path = "../../Downloads/parse-library-1/ParseUI.framework"; sourceTree = "<group>"; };
		7B4950EC1B9F9FBD00F2401B /* Accounts.framework */ = {isa = PBXFileReference; lastKnownFileType = wrapper.framework; name = Accounts.framework; path = System/Library/Frameworks/Accounts.framework; sourceTree = SDKROOT; };
		7B4950EE1B9F9FC500F2401B /* AudioToolbox.framework */ = {isa = PBXFileReference; lastKnownFileType = wrapper.framework; name = AudioToolbox.framework; path = System/Library/Frameworks/AudioToolbox.framework; sourceTree = SDKROOT; };
		7B4950F01B9F9FCB00F2401B /* CFNetwork.framework */ = {isa = PBXFileReference; lastKnownFileType = wrapper.framework; name = CFNetwork.framework; path = System/Library/Frameworks/CFNetwork.framework; sourceTree = SDKROOT; };
		7B4950F21B9F9FD200F2401B /* CoreGraphics.framework */ = {isa = PBXFileReference; lastKnownFileType = wrapper.framework; name = CoreGraphics.framework; path = System/Library/Frameworks/CoreGraphics.framework; sourceTree = SDKROOT; };
		7B4950F41B9F9FD900F2401B /* CoreLocation.framework */ = {isa = PBXFileReference; lastKnownFileType = wrapper.framework; name = CoreLocation.framework; path = System/Library/Frameworks/CoreLocation.framework; sourceTree = SDKROOT; };
		7B4950F61B9F9FE500F2401B /* QuartzCore.framework */ = {isa = PBXFileReference; lastKnownFileType = wrapper.framework; name = QuartzCore.framework; path = System/Library/Frameworks/QuartzCore.framework; sourceTree = SDKROOT; };
		7B4950F81B9F9FEA00F2401B /* Security.framework */ = {isa = PBXFileReference; lastKnownFileType = wrapper.framework; name = Security.framework; path = System/Library/Frameworks/Security.framework; sourceTree = SDKROOT; };
		7B4950FA1B9F9FF200F2401B /* Social.framework */ = {isa = PBXFileReference; lastKnownFileType = wrapper.framework; name = Social.framework; path = System/Library/Frameworks/Social.framework; sourceTree = SDKROOT; };
		7B4950FC1B9FA00800F2401B /* StoreKit.framework */ = {isa = PBXFileReference; lastKnownFileType = wrapper.framework; name = StoreKit.framework; path = System/Library/Frameworks/StoreKit.framework; sourceTree = SDKROOT; };
		7B4950FE1B9FA01100F2401B /* SystemConfiguration.framework */ = {isa = PBXFileReference; lastKnownFileType = wrapper.framework; name = SystemConfiguration.framework; path = System/Library/Frameworks/SystemConfiguration.framework; sourceTree = SDKROOT; };
		7B4951001B9FA02400F2401B /* libz.dylib */ = {isa = PBXFileReference; lastKnownFileType = "compiled.mach-o.dylib"; name = libz.dylib; path = usr/lib/libz.dylib; sourceTree = SDKROOT; };
		7B4951021B9FA02C00F2401B /* libsqlite3.dylib */ = {isa = PBXFileReference; lastKnownFileType = "compiled.mach-o.dylib"; name = libsqlite3.dylib; path = usr/lib/libsqlite3.dylib; sourceTree = SDKROOT; };
		7B4951041B9FA3AF00F2401B /* FriendViewController.swift */ = {isa = PBXFileReference; fileEncoding = 4; lastKnownFileType = sourcecode.swift; path = FriendViewController.swift; sourceTree = "<group>"; };
		7B540DAD1BA920CC000316AA /* Podfile */ = {isa = PBXFileReference; fileEncoding = 4; lastKnownFileType = text; path = Podfile; sourceTree = "<group>"; };
		7BA4D7A61BA2720500BDDF7F /* Main.storyboard */ = {isa = PBXFileReference; fileEncoding = 4; lastKnownFileType = file.storyboard; path = Main.storyboard; sourceTree = "<group>"; };
		7BA4D7A81BA2731000BDDF7F /* hotPhotato.png */ = {isa = PBXFileReference; lastKnownFileType = image.png; path = hotPhotato.png; sourceTree = "<group>"; };
		7BEC63001B9F9C0400BCCAB6 /* HotPhotatoes.app */ = {isa = PBXFileReference; explicitFileType = wrapper.application; includeInIndex = 0; path = HotPhotatoes.app; sourceTree = BUILT_PRODUCTS_DIR; };
		7BEC63041B9F9C0400BCCAB6 /* Info.plist */ = {isa = PBXFileReference; lastKnownFileType = text.plist.xml; path = Info.plist; sourceTree = "<group>"; };
		7BEC63051B9F9C0400BCCAB6 /* AppDelegate.swift */ = {isa = PBXFileReference; lastKnownFileType = sourcecode.swift; path = AppDelegate.swift; sourceTree = "<group>"; };
		7BEC63071B9F9C0400BCCAB6 /* ViewController.swift */ = {isa = PBXFileReference; lastKnownFileType = sourcecode.swift; path = ViewController.swift; sourceTree = "<group>"; };
		7BEC630C1B9F9C0400BCCAB6 /* Images.xcassets */ = {isa = PBXFileReference; lastKnownFileType = folder.assetcatalog; path = Images.xcassets; sourceTree = "<group>"; };
		7BEC630F1B9F9C0400BCCAB6 /* Base */ = {isa = PBXFileReference; lastKnownFileType = file.xib; name = Base; path = Base.lproj/LaunchScreen.xib; sourceTree = "<group>"; };
		7BEC63151B9F9C0400BCCAB6 /* HotPhotatoesTests.xctest */ = {isa = PBXFileReference; explicitFileType = wrapper.cfbundle; includeInIndex = 0; path = HotPhotatoesTests.xctest; sourceTree = BUILT_PRODUCTS_DIR; };
		7BEC631A1B9F9C0400BCCAB6 /* Info.plist */ = {isa = PBXFileReference; lastKnownFileType = text.plist.xml; path = Info.plist; sourceTree = "<group>"; };
		7BEC631B1B9F9C0400BCCAB6 /* HotPhotatoesTests.swift */ = {isa = PBXFileReference; lastKnownFileType = sourcecode.swift; path = HotPhotatoesTests.swift; sourceTree = "<group>"; };
		7BF320E11BA9DF5F00B9D2AF /* HotPhotatoes-Bridging-Header.h */ = {isa = PBXFileReference; lastKnownFileType = sourcecode.c.h; path = "HotPhotatoes-Bridging-Header.h"; sourceTree = "<group>"; };
/* End PBXFileReference section */

/* Begin PBXFrameworksBuildPhase section */
		7BEC62FD1B9F9C0400BCCAB6 /* Frameworks */ = {
			isa = PBXFrameworksBuildPhase;
			buildActionMask = 2147483647;
			files = (
				7B4951031B9FA02C00F2401B /* libsqlite3.dylib in Frameworks */,
				7B4951011B9FA02400F2401B /* libz.dylib in Frameworks */,
				7B4950FF1B9FA01100F2401B /* SystemConfiguration.framework in Frameworks */,
				7B4950FD1B9FA00800F2401B /* StoreKit.framework in Frameworks */,
				7B4950FB1B9F9FF200F2401B /* Social.framework in Frameworks */,
				7B4950F91B9F9FEA00F2401B /* Security.framework in Frameworks */,
				7B4950F71B9F9FE500F2401B /* QuartzCore.framework in Frameworks */,
				7B4950F51B9F9FD900F2401B /* CoreLocation.framework in Frameworks */,
				7B4950F31B9F9FD200F2401B /* CoreGraphics.framework in Frameworks */,
				7B4950F11B9F9FCB00F2401B /* CFNetwork.framework in Frameworks */,
				7B4950EF1B9F9FC500F2401B /* AudioToolbox.framework in Frameworks */,
				7B4950ED1B9F9FBD00F2401B /* Accounts.framework in Frameworks */,
				7B4950E51B9F9F0100F2401B /* Parse.framework in Frameworks */,
				7B4950E61B9F9F0100F2401B /* ParseCrashReporting.framework in Frameworks */,
				7B4950EA1B9F9F0100F2401B /* ParseUI.framework in Frameworks */,
				7B4950E71B9F9F0100F2401B /* ParseFacebookUtils.framework in Frameworks */,
				7B4950E41B9F9F0100F2401B /* Bolts.framework in Frameworks */,
				7B4950E91B9F9F0100F2401B /* ParseTwitterUtils.framework in Frameworks */,
				7B4950E81B9F9F0100F2401B /* ParseFacebookUtilsV4.framework in Frameworks */,
				057ADE8A1FF8E32CCA3989DD /* libPods.a in Frameworks */,
			);
			runOnlyForDeploymentPostprocessing = 0;
		};
		7BEC63121B9F9C0400BCCAB6 /* Frameworks */ = {
			isa = PBXFrameworksBuildPhase;
			buildActionMask = 2147483647;
			files = (
			);
			runOnlyForDeploymentPostprocessing = 0;
		};
/* End PBXFrameworksBuildPhase section */

/* Begin PBXGroup section */
		3D86B9CCF4CEBC6760719DB8 /* Pods */ = {
			isa = PBXGroup;
			children = (
				762DE12A957B533724D02D1F /* Pods.debug.xcconfig */,
				0BF1E8E509953AB93762ADDC /* Pods.release.xcconfig */,
			);
			name = Pods;
			sourceTree = "<group>";
		};
		7B4950EB1B9F9F4D00F2401B /* Frameworks */ = {
			isa = PBXGroup;
			children = (
				7B4951021B9FA02C00F2401B /* libsqlite3.dylib */,
				7B4951001B9FA02400F2401B /* libz.dylib */,
				7B4950FE1B9FA01100F2401B /* SystemConfiguration.framework */,
				7B4950FC1B9FA00800F2401B /* StoreKit.framework */,
				7B4950FA1B9F9FF200F2401B /* Social.framework */,
				7B4950F81B9F9FEA00F2401B /* Security.framework */,
				7B4950F61B9F9FE500F2401B /* QuartzCore.framework */,
				7B4950F41B9F9FD900F2401B /* CoreLocation.framework */,
				7B4950F21B9F9FD200F2401B /* CoreGraphics.framework */,
				7B4950F01B9F9FCB00F2401B /* CFNetwork.framework */,
				7B4950EE1B9F9FC500F2401B /* AudioToolbox.framework */,
				7B4950EC1B9F9FBD00F2401B /* Accounts.framework */,
				7B4950DD1B9F9F0100F2401B /* Bolts.framework */,
				7B4950DE1B9F9F0100F2401B /* Parse.framework */,
				7B4950DF1B9F9F0100F2401B /* ParseCrashReporting.framework */,
				7B4950E01B9F9F0100F2401B /* ParseFacebookUtils.framework */,
				7B4950E11B9F9F0100F2401B /* ParseFacebookUtilsV4.framework */,
				7B4950E21B9F9F0100F2401B /* ParseTwitterUtils.framework */,
				7B4950E31B9F9F0100F2401B /* ParseUI.framework */,
				00362F380D237A4C5EA07C61 /* libPods.a */,
			);
			name = Frameworks;
			sourceTree = "<group>";
		};
		7BEC62F71B9F9C0400BCCAB6 = {
			isa = PBXGroup;
			children = (
				7B540DAD1BA920CC000316AA /* Podfile */,
				7B4950EB1B9F9F4D00F2401B /* Frameworks */,
				7BEC63021B9F9C0400BCCAB6 /* HotPhotatoes */,
				7BEC63181B9F9C0400BCCAB6 /* HotPhotatoesTests */,
				7BEC63011B9F9C0400BCCAB6 /* Products */,
				7BA4D7A81BA2731000BDDF7F /* hotPhotato.png */,
				3D86B9CCF4CEBC6760719DB8 /* Pods */,
			);
			sourceTree = "<group>";
		};
		7BEC63011B9F9C0400BCCAB6 /* Products */ = {
			isa = PBXGroup;
			children = (
				7BEC63001B9F9C0400BCCAB6 /* HotPhotatoes.app */,
				7BEC63151B9F9C0400BCCAB6 /* HotPhotatoesTests.xctest */,
			);
			name = Products;
			sourceTree = "<group>";
		};
		7BEC63021B9F9C0400BCCAB6 /* HotPhotatoes */ = {
			isa = PBXGroup;
			children = (
				7BF320E11BA9DF5F00B9D2AF /* HotPhotatoes-Bridging-Header.h */,
				7BEC63051B9F9C0400BCCAB6 /* AppDelegate.swift */,
				7BEC63071B9F9C0400BCCAB6 /* ViewController.swift */,
				7B0137B51B9FB0000014A4D4 /* SignUpController.swift */,
				7BA4D7A61BA2720500BDDF7F /* Main.storyboard */,
				7B4951041B9FA3AF00F2401B /* FriendViewController.swift */,
				7BEC630C1B9F9C0400BCCAB6 /* Images.xcassets */,
				7BEC630E1B9F9C0400BCCAB6 /* LaunchScreen.xib */,
				7BEC63031B9F9C0400BCCAB6 /* Supporting Files */,
			);
			path = HotPhotatoes;
			sourceTree = "<group>";
		};
		7BEC63031B9F9C0400BCCAB6 /* Supporting Files */ = {
			isa = PBXGroup;
			children = (
				7BEC63041B9F9C0400BCCAB6 /* Info.plist */,
			);
			name = "Supporting Files";
			sourceTree = "<group>";
		};
		7BEC63181B9F9C0400BCCAB6 /* HotPhotatoesTests */ = {
			isa = PBXGroup;
			children = (
				7BEC631B1B9F9C0400BCCAB6 /* HotPhotatoesTests.swift */,
				7BEC63191B9F9C0400BCCAB6 /* Supporting Files */,
			);
			path = HotPhotatoesTests;
			sourceTree = "<group>";
		};
		7BEC63191B9F9C0400BCCAB6 /* Supporting Files */ = {
			isa = PBXGroup;
			children = (
				7BEC631A1B9F9C0400BCCAB6 /* Info.plist */,
			);
			name = "Supporting Files";
			sourceTree = "<group>";
		};
/* End PBXGroup section */

/* Begin PBXNativeTarget section */
		7BEC62FF1B9F9C0400BCCAB6 /* HotPhotatoes */ = {
			isa = PBXNativeTarget;
			buildConfigurationList = 7BEC631F1B9F9C0400BCCAB6 /* Build configuration list for PBXNativeTarget "HotPhotatoes" */;
			buildPhases = (
				DC6EEC9D0226CB6A2B91CE41 /* Check Pods Manifest.lock */,
				7BEC62FC1B9F9C0400BCCAB6 /* Sources */,
				7BEC62FD1B9F9C0400BCCAB6 /* Frameworks */,
				7BEC62FE1B9F9C0400BCCAB6 /* Resources */,
				F1AAB5AF9FBAA42EDAB64AEE /* Copy Pods Resources */,
			);
			buildRules = (
			);
			dependencies = (
			);
			name = HotPhotatoes;
			productName = HotPhotatoes;
			productReference = 7BEC63001B9F9C0400BCCAB6 /* HotPhotatoes.app */;
			productType = "com.apple.product-type.application";
		};
		7BEC63141B9F9C0400BCCAB6 /* HotPhotatoesTests */ = {
			isa = PBXNativeTarget;
			buildConfigurationList = 7BEC63221B9F9C0400BCCAB6 /* Build configuration list for PBXNativeTarget "HotPhotatoesTests" */;
			buildPhases = (
				7BEC63111B9F9C0400BCCAB6 /* Sources */,
				7BEC63121B9F9C0400BCCAB6 /* Frameworks */,
				7BEC63131B9F9C0400BCCAB6 /* Resources */,
			);
			buildRules = (
			);
			dependencies = (
			);
			name = HotPhotatoesTests;
			productName = HotPhotatoesTests;
			productReference = 7BEC63151B9F9C0400BCCAB6 /* HotPhotatoesTests.xctest */;
			productType = "com.apple.product-type.bundle.unit-test";
		};
/* End PBXNativeTarget section */

/* Begin PBXProject section */
		7BEC62F81B9F9C0400BCCAB6 /* Project object */ = {
			isa = PBXProject;
			attributes = {
				LastUpgradeCheck = 0640;
				ORGANIZATIONNAME = hotPhotatoes;
				TargetAttributes = {
					7BEC62FF1B9F9C0400BCCAB6 = {
						CreatedOnToolsVersion = 6.4;
					};
					7BEC63141B9F9C0400BCCAB6 = {
						CreatedOnToolsVersion = 6.4;
						TestTargetID = 7BEC62FF1B9F9C0400BCCAB6;
					};
				};
			};
			buildConfigurationList = 7BEC62FB1B9F9C0400BCCAB6 /* Build configuration list for PBXProject "HotPhotatoes" */;
			compatibilityVersion = "Xcode 3.2";
			developmentRegion = English;
			hasScannedForEncodings = 0;
			knownRegions = (
				en,
				Base,
			);
			mainGroup = 7BEC62F71B9F9C0400BCCAB6;
			productRefGroup = 7BEC63011B9F9C0400BCCAB6 /* Products */;
			projectDirPath = "";
			projectRoot = "";
			targets = (
				7BEC62FF1B9F9C0400BCCAB6 /* HotPhotatoes */,
				7BEC63141B9F9C0400BCCAB6 /* HotPhotatoesTests */,
			);
		};
/* End PBXProject section */

/* Begin PBXResourcesBuildPhase section */
		7BEC62FE1B9F9C0400BCCAB6 /* Resources */ = {
			isa = PBXResourcesBuildPhase;
			buildActionMask = 2147483647;
			files = (
				7B540DAE1BA920CC000316AA /* Podfile in Resources */,
				7BA4D7A71BA2720500BDDF7F /* Main.storyboard in Resources */,
				7BEC63101B9F9C0400BCCAB6 /* LaunchScreen.xib in Resources */,
				7BEC630D1B9F9C0400BCCAB6 /* Images.xcassets in Resources */,
				7BA4D7A91BA2731000BDDF7F /* hotPhotato.png in Resources */,
			);
			runOnlyForDeploymentPostprocessing = 0;
		};
		7BEC63131B9F9C0400BCCAB6 /* Resources */ = {
			isa = PBXResourcesBuildPhase;
			buildActionMask = 2147483647;
			files = (
			);
			runOnlyForDeploymentPostprocessing = 0;
		};
/* End PBXResourcesBuildPhase section */

/* Begin PBXShellScriptBuildPhase section */
		DC6EEC9D0226CB6A2B91CE41 /* Check Pods Manifest.lock */ = {
			isa = PBXShellScriptBuildPhase;
			buildActionMask = 2147483647;
			files = (
			);
			inputPaths = (
			);
			name = "Check Pods Manifest.lock";
			outputPaths = (
			);
			runOnlyForDeploymentPostprocessing = 0;
			shellPath = /bin/sh;
			shellScript = "diff \"${PODS_ROOT}/../Podfile.lock\" \"${PODS_ROOT}/Manifest.lock\" > /dev/null\nif [[ $? != 0 ]] ; then\n    cat << EOM\nerror: The sandbox is not in sync with the Podfile.lock. Run 'pod install' or update your CocoaPods installation.\nEOM\n    exit 1\nfi\n";
			showEnvVarsInLog = 0;
		};
		F1AAB5AF9FBAA42EDAB64AEE /* Copy Pods Resources */ = {
			isa = PBXShellScriptBuildPhase;
			buildActionMask = 2147483647;
			files = (
			);
			inputPaths = (
			);
			name = "Copy Pods Resources";
			outputPaths = (
			);
			runOnlyForDeploymentPostprocessing = 0;
			shellPath = /bin/sh;
			shellScript = "\"${SRCROOT}/Pods/Target Support Files/Pods/Pods-resources.sh\"\n";
			showEnvVarsInLog = 0;
		};
/* End PBXShellScriptBuildPhase section */

/* Begin PBXSourcesBuildPhase section */
		7BEC62FC1B9F9C0400BCCAB6 /* Sources */ = {
			isa = PBXSourcesBuildPhase;
			buildActionMask = 2147483647;
			files = (
				7B4951051B9FA3AF00F2401B /* FriendViewController.swift in Sources */,
				7BEC63081B9F9C0400BCCAB6 /* ViewController.swift in Sources */,
				7BEC63061B9F9C0400BCCAB6 /* AppDelegate.swift in Sources */,
				7B0137B61B9FB0000014A4D4 /* SignUpController.swift in Sources */,
			);
			runOnlyForDeploymentPostprocessing = 0;
		};
		7BEC63111B9F9C0400BCCAB6 /* Sources */ = {
			isa = PBXSourcesBuildPhase;
			buildActionMask = 2147483647;
			files = (
				7BEC631C1B9F9C0400BCCAB6 /* HotPhotatoesTests.swift in Sources */,
			);
			runOnlyForDeploymentPostprocessing = 0;
		};
/* End PBXSourcesBuildPhase section */

/* Begin PBXVariantGroup section */
		7BEC630E1B9F9C0400BCCAB6 /* LaunchScreen.xib */ = {
			isa = PBXVariantGroup;
			children = (
				7BEC630F1B9F9C0400BCCAB6 /* Base */,
			);
			name = LaunchScreen.xib;
			sourceTree = "<group>";
		};
/* End PBXVariantGroup section */

/* Begin XCBuildConfiguration section */
		7BEC631D1B9F9C0400BCCAB6 /* Debug */ = {
			isa = XCBuildConfiguration;
			buildSettings = {
				ALWAYS_SEARCH_USER_PATHS = NO;
				CLANG_CXX_LANGUAGE_STANDARD = "gnu++0x";
				CLANG_CXX_LIBRARY = "libc++";
				CLANG_ENABLE_MODULES = YES;
				CLANG_ENABLE_OBJC_ARC = YES;
				CLANG_WARN_BOOL_CONVERSION = YES;
				CLANG_WARN_CONSTANT_CONVERSION = YES;
				CLANG_WARN_DIRECT_OBJC_ISA_USAGE = YES_ERROR;
				CLANG_WARN_EMPTY_BODY = YES;
				CLANG_WARN_ENUM_CONVERSION = YES;
				CLANG_WARN_INT_CONVERSION = YES;
				CLANG_WARN_OBJC_ROOT_CLASS = YES_ERROR;
				CLANG_WARN_UNREACHABLE_CODE = YES;
				CLANG_WARN__DUPLICATE_METHOD_MATCH = YES;
				"CODE_SIGN_IDENTITY[sdk=iphoneos*]" = "iPhone Developer";
				COPY_PHASE_STRIP = NO;
				DEBUG_INFORMATION_FORMAT = "dwarf-with-dsym";
				ENABLE_STRICT_OBJC_MSGSEND = YES;
				GCC_C_LANGUAGE_STANDARD = gnu99;
				GCC_DYNAMIC_NO_PIC = NO;
				GCC_NO_COMMON_BLOCKS = YES;
				GCC_OPTIMIZATION_LEVEL = 0;
				GCC_PREPROCESSOR_DEFINITIONS = (
					"DEBUG=1",
					"$(inherited)",
				);
				GCC_SYMBOLS_PRIVATE_EXTERN = NO;
				GCC_WARN_64_TO_32_BIT_CONVERSION = YES;
				GCC_WARN_ABOUT_RETURN_TYPE = YES_ERROR;
				GCC_WARN_UNDECLARED_SELECTOR = YES;
				GCC_WARN_UNINITIALIZED_AUTOS = YES_AGGRESSIVE;
				GCC_WARN_UNUSED_FUNCTION = YES;
				GCC_WARN_UNUSED_VARIABLE = YES;
				IPHONEOS_DEPLOYMENT_TARGET = 8.4;
				MTL_ENABLE_DEBUG_INFO = YES;
				ONLY_ACTIVE_ARCH = YES;
				SDKROOT = iphoneos;
				SWIFT_INSTALL_OBJC_HEADER = YES;
				SWIFT_OBJC_BRIDGING_HEADER = "HotPhotatoes-Bridging-Header.h";
				SWIFT_OPTIMIZATION_LEVEL = "-Onone";
				TARGETED_DEVICE_FAMILY = "1,2";
			};
			name = Debug;
		};
		7BEC631E1B9F9C0400BCCAB6 /* Release */ = {
			isa = XCBuildConfiguration;
			buildSettings = {
				ALWAYS_SEARCH_USER_PATHS = NO;
				CLANG_CXX_LANGUAGE_STANDARD = "gnu++0x";
				CLANG_CXX_LIBRARY = "libc++";
				CLANG_ENABLE_MODULES = YES;
				CLANG_ENABLE_OBJC_ARC = YES;
				CLANG_WARN_BOOL_CONVERSION = YES;
				CLANG_WARN_CONSTANT_CONVERSION = YES;
				CLANG_WARN_DIRECT_OBJC_ISA_USAGE = YES_ERROR;
				CLANG_WARN_EMPTY_BODY = YES;
				CLANG_WARN_ENUM_CONVERSION = YES;
				CLANG_WARN_INT_CONVERSION = YES;
				CLANG_WARN_OBJC_ROOT_CLASS = YES_ERROR;
				CLANG_WARN_UNREACHABLE_CODE = YES;
				CLANG_WARN__DUPLICATE_METHOD_MATCH = YES;
				"CODE_SIGN_IDENTITY[sdk=iphoneos*]" = "iPhone Developer";
				COPY_PHASE_STRIP = NO;
				DEBUG_INFORMATION_FORMAT = "dwarf-with-dsym";
				ENABLE_NS_ASSERTIONS = NO;
				ENABLE_STRICT_OBJC_MSGSEND = YES;
				GCC_C_LANGUAGE_STANDARD = gnu99;
				GCC_NO_COMMON_BLOCKS = YES;
				GCC_WARN_64_TO_32_BIT_CONVERSION = YES;
				GCC_WARN_ABOUT_RETURN_TYPE = YES_ERROR;
				GCC_WARN_UNDECLARED_SELECTOR = YES;
				GCC_WARN_UNINITIALIZED_AUTOS = YES_AGGRESSIVE;
				GCC_WARN_UNUSED_FUNCTION = YES;
				GCC_WARN_UNUSED_VARIABLE = YES;
				IPHONEOS_DEPLOYMENT_TARGET = 8.4;
				MTL_ENABLE_DEBUG_INFO = NO;
				SDKROOT = iphoneos;
				SWIFT_INSTALL_OBJC_HEADER = YES;
				SWIFT_OBJC_BRIDGING_HEADER = "HotPhotatoes-Bridging-Header.h";
				TARGETED_DEVICE_FAMILY = "1,2";
				VALIDATE_PRODUCT = YES;
			};
			name = Release;
		};
		7BEC63201B9F9C0400BCCAB6 /* Debug */ = {
			isa = XCBuildConfiguration;
			baseConfigurationReference = 762DE12A957B533724D02D1F /* Pods.debug.xcconfig */;
			buildSettings = {
				ASSETCATALOG_COMPILER_APPICON_NAME = AppIcon;
				CLANG_ENABLE_MODULES = YES;
				FRAMEWORK_SEARCH_PATHS = (
					"$(inherited)",
					"/Users/FroehlingGallier/Downloads/parse-starter-project-1/ParseStarterProject",
					"/Users/FroehlingGallier/Downloads/parse-library-1",
				);
				INFOPLIST_FILE = HotPhotatoes/Info.plist;
				LD_RUNPATH_SEARCH_PATHS = "$(inherited) @executable_path/Frameworks";
				PRODUCT_NAME = "$(TARGET_NAME)";
				SWIFT_INSTALL_OBJC_HEADER = NO;
				SWIFT_OBJC_BRIDGING_HEADER = "";
				SWIFT_OPTIMIZATION_LEVEL = "-Onone";
			};
			name = Debug;
		};
		7BEC63211B9F9C0400BCCAB6 /* Release */ = {
			isa = XCBuildConfiguration;
			baseConfigurationReference = 0BF1E8E509953AB93762ADDC /* Pods.release.xcconfig */;
			buildSettings = {
				ASSETCATALOG_COMPILER_APPICON_NAME = AppIcon;
				CLANG_ENABLE_MODULES = YES;
				FRAMEWORK_SEARCH_PATHS = (
					"$(inherited)",
					"/Users/FroehlingGallier/Downloads/parse-starter-project-1/ParseStarterProject",
					"/Users/FroehlingGallier/Downloads/parse-library-1",
				);
				INFOPLIST_FILE = HotPhotatoes/Info.plist;
				LD_RUNPATH_SEARCH_PATHS = "$(inherited) @executable_path/Frameworks";
				PRODUCT_NAME = "$(TARGET_NAME)";
				SWIFT_INSTALL_OBJC_HEADER = NO;
				SWIFT_OBJC_BRIDGING_HEADER = "";
			};
			name = Release;
		};
		7BEC63231B9F9C0400BCCAB6 /* Debug */ = {
			isa = XCBuildConfiguration;
			buildSettings = {
				BUNDLE_LOADER = "$(TEST_HOST)";
				FRAMEWORK_SEARCH_PATHS = (
					"$(SDKROOT)/Developer/Library/Frameworks",
					"$(inherited)",
				);
				GCC_PREPROCESSOR_DEFINITIONS = (
					"DEBUG=1",
					"$(inherited)",
				);
				INFOPLIST_FILE = HotPhotatoesTests/Info.plist;
				LD_RUNPATH_SEARCH_PATHS = "$(inherited) @executable_path/Frameworks @loader_path/Frameworks";
				PRODUCT_NAME = "$(TARGET_NAME)";
				TEST_HOST = "$(BUILT_PRODUCTS_DIR)/HotPhotatoes.app/HotPhotatoes";
			};
			name = Debug;
		};
		7BEC63241B9F9C0400BCCAB6 /* Release */ = {
			isa = XCBuildConfiguration;
			buildSettings = {
				BUNDLE_LOADER = "$(TEST_HOST)";
				FRAMEWORK_SEARCH_PATHS = (
					"$(SDKROOT)/Developer/Library/Frameworks",
					"$(inherited)",
				);
				INFOPLIST_FILE = HotPhotatoesTests/Info.plist;
				LD_RUNPATH_SEARCH_PATHS = "$(inherited) @executable_path/Frameworks @loader_path/Frameworks";
				PRODUCT_NAME = "$(TARGET_NAME)";
				TEST_HOST = "$(BUILT_PRODUCTS_DIR)/HotPhotatoes.app/HotPhotatoes";
			};
			name = Release;
		};
/* End XCBuildConfiguration section */

/* Begin XCConfigurationList section */
		7BEC62FB1B9F9C0400BCCAB6 /* Build configuration list for PBXProject "HotPhotatoes" */ = {
			isa = XCConfigurationList;
			buildConfigurations = (
				7BEC631D1B9F9C0400BCCAB6 /* Debug */,
				7BEC631E1B9F9C0400BCCAB6 /* Release */,
			);
			defaultConfigurationIsVisible = 0;
			defaultConfigurationName = Release;
		};
		7BEC631F1B9F9C0400BCCAB6 /* Build configuration list for PBXNativeTarget "HotPhotatoes" */ = {
			isa = XCConfigurationList;
			buildConfigurations = (
				7BEC63201B9F9C0400BCCAB6 /* Debug */,
				7BEC63211B9F9C0400BCCAB6 /* Release */,
			);
			defaultConfigurationIsVisible = 0;
			defaultConfigurationName = Release;
		};
		7BEC63221B9F9C0400BCCAB6 /* Build configuration list for PBXNativeTarget "HotPhotatoesTests" */ = {
			isa = XCConfigurationList;
			buildConfigurations = (
				7BEC63231B9F9C0400BCCAB6 /* Debug */,
				7BEC63241B9F9C0400BCCAB6 /* Release */,
			);
			defaultConfigurationIsVisible = 0;
			defaultConfigurationName = Release;
		};
/* End XCConfigurationList section */
	};
	rootObject = 7BEC62F81B9F9C0400BCCAB6 /* Project object */;
}
